
Microsoft Visual Studio Solution File, Format Version 12.00
# Visual Studio Version 16
VisualStudioVersion = 16.0.29905.134
MinimumVisualStudioVersion = 10.0.40219.1
Project("{8BC9CEB8-8B4A-11D0-8D11-00A0C91BC942}") = "PrimeNumbers", "PrimeNumbers.vcxproj", "{384D953C-C0B3-4C6E-99A9-887854189767}"
EndProject
Project("{8BC9CEB8-8B4A-11D0-8D11-00A0C91BC942}") = "PrimeNumbersTests", "..\PrimeNumbersTests\PrimeNumbersTests.vcxproj", "{35900FB4-E617-4454-B474-25FC57522B29}"
EndProject
Global
	GlobalSection(SolutionConfigurationPlatforms) = preSolution
		Debug|x64 = Debug|x64
		Debug|x86 = Debug|x86
		Release|x64 = Release|x64
		Release|x86 = Release|x86
	EndGlobalSection
	GlobalSection(ProjectConfigurationPlatforms) = postSolution
		{384D953C-C0B3-4C6E-99A9-887854189767}.Debug|x64.ActiveCfg = Debug|x64
		{384D953C-C0B3-4C6E-99A9-887854189767}.Debug|x64.Build.0 = Debug|x64
		{384D953C-C0B3-4C6E-99A9-887854189767}.Debug|x86.ActiveCfg = Debug|Win32
		{384D953C-C0B3-4C6E-99A9-887854189767}.Debug|x86.Build.0 = Debug|Win32
		{384D953C-C0B3-4C6E-99A9-887854189767}.Release|x64.ActiveCfg = Release|x64
		{384D953C-C0B3-4C6E-99A9-887854189767}.Release|x64.Build.0 = Release|x64
		{384D953C-C0B3-4C6E-99A9-887854189767}.Release|x86.ActiveCfg = Release|Win32
		{384D953C-C0B3-4C6E-99A9-887854189767}.Release|x86.Build.0 = Release|Win32
		{35900FB4-E617-4454-B474-25FC57522B29}.Debug|x64.ActiveCfg = Debug|x64
		{35900FB4-E617-4454-B474-25FC57522B29}.Debug|x64.Build.0 = Debug|x64
		{35900FB4-E617-4454-B474-25FC57522B29}.Debug|x86.ActiveCfg = Debug|Win32
		{35900FB4-E617-4454-B474-25FC57522B29}.Debug|x86.Build.0 = Debug|Win32
		{35900FB4-E617-4454-B474-25FC57522B29}.Release|x64.ActiveCfg = Release|x64
		{35900FB4-E617-4454-B474-25FC57522B29}.Release|x64.Build.0 = Release|x64
		{35900FB4-E617-4454-B474-25FC57522B29}.Release|x86.ActiveCfg = Release|Win32
		{35900FB4-E617-4454-B474-25FC57522B29}.Release|x86.Build.0 = Release|Win32
	EndGlobalSection
	GlobalSection(SolutionProperties) = preSolution
		HideSolutionNode = FALSE
	EndGlobalSection
	GlobalSection(ExtensibilityGlobals) = postSolution
		SolutionGuid = {7A1DD123-A270-4C8B-B7D9-DD75455A3420}
	EndGlobalSection
EndGlobal
